
Microsoft Visual Studio Solution File, Format Version 12.00
# Visual Studio 14
VisualStudioVersion = 14.0.25123.0
MinimumVisualStudioVersion = 10.0.40219.1
Project("{FAE04EC0-301F-11D3-BF4B-00C04F79EFBC}") = "0.IntroToCsharp", "0.IntroToCsharp\0.IntroToCsharp.csproj", "{C063D108-E5F0-49A8-9B25-46BAA62175BC}"
EndProject
Project("{FAE04EC0-301F-11D3-BF4B-00C04F79EFBC}") = "1.Containers", "1.Containers\1.Containers.csproj", "{073489D4-F1E0-4A9E-A758-7C18FE57AFB2}"
EndProject
Project("{FAE04EC0-301F-11D3-BF4B-00C04F79EFBC}") = "2.CombatForms", "2.CombatForms\2.CombatForms.csproj", "{72E6D106-AAD5-4CAD-A6AD-678D0FB1661A}"
EndProject
Project("{FAE04EC0-301F-11D3-BF4B-00C04F79EFBC}") = "3.Interfaces", "3.Interfaces\3.Interfaces.csproj", "{2FD74FBB-CC38-480F-AD3C-33130E7FA503}"
EndProject
Project("{8BC9CEB8-8B4A-11D0-8D11-00A0C91BC942}") = "Homework", "Homework\Homework.vcxproj", "{BEE5F9D8-E2E0-457E-AB10-0A72A16CEAD5}"
EndProject
Project("{FAE04EC0-301F-11D3-BF4B-00C04F79EFBC}") = "4.Serialization", "4.Serialization\4.Serialization.csproj", "{68586BA4-2263-4E77-BB18-5F12A5291636}"
EndProject
Global
	GlobalSection(SolutionConfigurationPlatforms) = preSolution
		Debug|Any CPU = Debug|Any CPU
		Debug|x64 = Debug|x64
		Debug|x86 = Debug|x86
		Release|Any CPU = Release|Any CPU
		Release|x64 = Release|x64
		Release|x86 = Release|x86
	EndGlobalSection
	GlobalSection(ProjectConfigurationPlatforms) = postSolution
		{C063D108-E5F0-49A8-9B25-46BAA62175BC}.Debug|Any CPU.ActiveCfg = Debug|Any CPU
		{C063D108-E5F0-49A8-9B25-46BAA62175BC}.Debug|Any CPU.Build.0 = Debug|Any CPU
		{C063D108-E5F0-49A8-9B25-46BAA62175BC}.Debug|x64.ActiveCfg = Debug|Any CPU
		{C063D108-E5F0-49A8-9B25-46BAA62175BC}.Debug|x64.Build.0 = Debug|Any CPU
		{C063D108-E5F0-49A8-9B25-46BAA62175BC}.Debug|x86.ActiveCfg = Debug|Any CPU
		{C063D108-E5F0-49A8-9B25-46BAA62175BC}.Debug|x86.Build.0 = Debug|Any CPU
		{C063D108-E5F0-49A8-9B25-46BAA62175BC}.Release|Any CPU.ActiveCfg = Release|Any CPU
		{C063D108-E5F0-49A8-9B25-46BAA62175BC}.Release|Any CPU.Build.0 = Release|Any CPU
		{C063D108-E5F0-49A8-9B25-46BAA62175BC}.Release|x64.ActiveCfg = Release|Any CPU
		{C063D108-E5F0-49A8-9B25-46BAA62175BC}.Release|x64.Build.0 = Release|Any CPU
		{C063D108-E5F0-49A8-9B25-46BAA62175BC}.Release|x86.ActiveCfg = Release|Any CPU
		{C063D108-E5F0-49A8-9B25-46BAA62175BC}.Release|x86.Build.0 = Release|Any CPU
		{073489D4-F1E0-4A9E-A758-7C18FE57AFB2}.Debug|Any CPU.ActiveCfg = Debug|Any CPU
		{073489D4-F1E0-4A9E-A758-7C18FE57AFB2}.Debug|Any CPU.Build.0 = Debug|Any CPU
		{073489D4-F1E0-4A9E-A758-7C18FE57AFB2}.Debug|x64.ActiveCfg = Debug|Any CPU
		{073489D4-F1E0-4A9E-A758-7C18FE57AFB2}.Debug|x64.Build.0 = Debug|Any CPU
		{073489D4-F1E0-4A9E-A758-7C18FE57AFB2}.Debug|x86.ActiveCfg = Debug|Any CPU
		{073489D4-F1E0-4A9E-A758-7C18FE57AFB2}.Debug|x86.Build.0 = Debug|Any CPU
		{073489D4-F1E0-4A9E-A758-7C18FE57AFB2}.Release|Any CPU.ActiveCfg = Release|Any CPU
		{073489D4-F1E0-4A9E-A758-7C18FE57AFB2}.Release|Any CPU.Build.0 = Release|Any CPU
		{073489D4-F1E0-4A9E-A758-7C18FE57AFB2}.Release|x64.ActiveCfg = Release|Any CPU
		{073489D4-F1E0-4A9E-A758-7C18FE57AFB2}.Release|x64.Build.0 = Release|Any CPU
		{073489D4-F1E0-4A9E-A758-7C18FE57AFB2}.Release|x86.ActiveCfg = Release|Any CPU
		{073489D4-F1E0-4A9E-A758-7C18FE57AFB2}.Release|x86.Build.0 = Release|Any CPU
		{72E6D106-AAD5-4CAD-A6AD-678D0FB1661A}.Debug|Any CPU.ActiveCfg = Debug|Any CPU
		{72E6D106-AAD5-4CAD-A6AD-678D0FB1661A}.Debug|Any CPU.Build.0 = Debug|Any CPU
		{72E6D106-AAD5-4CAD-A6AD-678D0FB1661A}.Debug|x64.ActiveCfg = Debug|Any CPU
		{72E6D106-AAD5-4CAD-A6AD-678D0FB1661A}.Debug|x64.Build.0 = Debug|Any CPU
		{72E6D106-AAD5-4CAD-A6AD-678D0FB1661A}.Debug|x86.ActiveCfg = Debug|Any CPU
		{72E6D106-AAD5-4CAD-A6AD-678D0FB1661A}.Debug|x86.Build.0 = Debug|Any CPU
		{72E6D106-AAD5-4CAD-A6AD-678D0FB1661A}.Release|Any CPU.ActiveCfg = Release|Any CPU
		{72E6D106-AAD5-4CAD-A6AD-678D0FB1661A}.Release|Any CPU.Build.0 = Release|Any CPU
		{72E6D106-AAD5-4CAD-A6AD-678D0FB1661A}.Release|x64.ActiveCfg = Release|Any CPU
		{72E6D106-AAD5-4CAD-A6AD-678D0FB1661A}.Release|x64.Build.0 = Release|Any CPU
		{72E6D106-AAD5-4CAD-A6AD-678D0FB1661A}.Release|x86.ActiveCfg = Release|Any CPU
		{72E6D106-AAD5-4CAD-A6AD-678D0FB1661A}.Release|x86.Build.0 = Release|Any CPU
		{2FD74FBB-CC38-480F-AD3C-33130E7FA503}.Debug|Any CPU.ActiveCfg = Debug|Any CPU
		{2FD74FBB-CC38-480F-AD3C-33130E7FA503}.Debug|Any CPU.Build.0 = Debug|Any CPU
		{2FD74FBB-CC38-480F-AD3C-33130E7FA503}.Debug|x64.ActiveCfg = Debug|Any CPU
		{2FD74FBB-CC38-480F-AD3C-33130E7FA503}.Debug|x64.Build.0 = Debug|Any CPU
		{2FD74FBB-CC38-480F-AD3C-33130E7FA503}.Debug|x86.ActiveCfg = Debug|Any CPU
		{2FD74FBB-CC38-480F-AD3C-33130E7FA503}.Debug|x86.Build.0 = Debug|Any CPU
		{2FD74FBB-CC38-480F-AD3C-33130E7FA503}.Release|Any CPU.ActiveCfg = Release|Any CPU
		{2FD74FBB-CC38-480F-AD3C-33130E7FA503}.Release|Any CPU.Build.0 = Release|Any CPU
		{2FD74FBB-CC38-480F-AD3C-33130E7FA503}.Release|x64.ActiveCfg = Release|Any CPU
		{2FD74FBB-CC38-480F-AD3C-33130E7FA503}.Release|x64.Build.0 = Release|Any CPU
		{2FD74FBB-CC38-480F-AD3C-33130E7FA503}.Release|x86.ActiveCfg = Release|Any CPU
		{2FD74FBB-CC38-480F-AD3C-33130E7FA503}.Release|x86.Build.0 = Release|Any CPU
		{BEE5F9D8-E2E0-457E-AB10-0A72A16CEAD5}.Debug|Any CPU.ActiveCfg = Debug|Win32
		{BEE5F9D8-E2E0-457E-AB10-0A72A16CEAD5}.Debug|x64.ActiveCfg = Debug|x64
		{BEE5F9D8-E2E0-457E-AB10-0A72A16CEAD5}.Debug|x64.Build.0 = Debug|x64
		{BEE5F9D8-E2E0-457E-AB10-0A72A16CEAD5}.Debug|x86.ActiveCfg = Debug|Win32
		{BEE5F9D8-E2E0-457E-AB10-0A72A16CEAD5}.Debug|x86.Build.0 = Debug|Win32
		{BEE5F9D8-E2E0-457E-AB10-0A72A16CEAD5}.Release|Any CPU.ActiveCfg = Release|Win32
		{BEE5F9D8-E2E0-457E-AB10-0A72A16CEAD5}.Release|x64.ActiveCfg = Release|x64
		{BEE5F9D8-E2E0-457E-AB10-0A72A16CEAD5}.Release|x64.Build.0 = Release|x64
		{BEE5F9D8-E2E0-457E-AB10-0A72A16CEAD5}.Release|x86.ActiveCfg = Release|Win32
		{BEE5F9D8-E2E0-457E-AB10-0A72A16CEAD5}.Release|x86.Build.0 = Release|Win32
		{68586BA4-2263-4E77-BB18-5F12A5291636}.Debug|Any CPU.ActiveCfg = Debug|Any CPU
		{68586BA4-2263-4E77-BB18-5F12A5291636}.Debug|Any CPU.Build.0 = Debug|Any CPU
		{68586BA4-2263-4E77-BB18-5F12A5291636}.Debug|x64.ActiveCfg = Debug|Any CPU
		{68586BA4-2263-4E77-BB18-5F12A5291636}.Debug|x64.Build.0 = Debug|Any CPU
		{68586BA4-2263-4E77-BB18-5F12A5291636}.Debug|x86.ActiveCfg = Debug|Any CPU
		{68586BA4-2263-4E77-BB18-5F12A5291636}.Debug|x86.Build.0 = Debug|Any CPU
		{68586BA4-2263-4E77-BB18-5F12A5291636}.Release|Any CPU.ActiveCfg = Release|Any CPU
		{68586BA4-2263-4E77-BB18-5F12A5291636}.Release|Any CPU.Build.0 = Release|Any CPU
		{68586BA4-2263-4E77-BB18-5F12A5291636}.Release|x64.ActiveCfg = Release|Any CPU
		{68586BA4-2263-4E77-BB18-5F12A5291636}.Release|x64.Build.0 = Release|Any CPU
		{68586BA4-2263-4E77-BB18-5F12A5291636}.Release|x86.ActiveCfg = Release|Any CPU
		{68586BA4-2263-4E77-BB18-5F12A5291636}.Release|x86.Build.0 = Release|Any CPU
	EndGlobalSection
	GlobalSection(SolutionProperties) = preSolution
		HideSolutionNode = FALSE
	EndGlobalSection
	GlobalSection(ExtensibilityGlobals) = postSolution
		SolutionGuid = {72253208-A66A-496A-8BF4-7810D659512C}
	EndGlobalSection
EndGlobal
